
Microsoft Visual Studio Solution File, Format Version 12.00
# Visual Studio Express 2013 for Windows Desktop
VisualStudioVersion = 12.0.21005.1
MinimumVisualStudioVersion = 10.0.40219.1
Project("{FAE04EC0-301F-11D3-BF4B-00C04F79EFBC}") = "Africa2010.QualificationRound.A", "Africa2010.QualificationRound.A\Africa2010.QualificationRound.A.csproj", "{E1122CDD-69BD-4BB7-BCEE-1C12C046F723}"
EndProject
Project("{FAE04EC0-301F-11D3-BF4B-00C04F79EFBC}") = "Africa2010.QualificationRound.B", "Africa2010.QualificationRound.B\Africa2010.QualificationRound.B.csproj", "{C3D96A4D-E0AE-4119-910F-E853EA7A069C}"
EndProject
Project("{2150E333-8FDC-42A3-9474-1A3956D46DE8}") = "Africa2010", "Africa2010", "{2AC2AEF9-4891-4B01-8C0A-3D25A02C7FFB}"
EndProject
Project("{FAE04EC0-301F-11D3-BF4B-00C04F79EFBC}") = "Africa2010.QualificationRound.C", "Africa2010.QualificationRound.C\Africa2010.QualificationRound.C.csproj", "{0DC0A3CB-E027-4182-93C6-66944B1C4920}"
EndProject
Project("{2150E333-8FDC-42A3-9474-1A3956D46DE8}") = "CodeJam2009", "CodeJam2009", "{9A851A06-6B8F-4799-A157-1D684D9618BC}"
EndProject
Project("{FAE04EC0-301F-11D3-BF4B-00C04F79EFBC}") = "CodeJam2009.Qualification.A", "CodeJam2009.Qualification.A\CodeJam2009.Qualification.A.csproj", "{0EA75590-B440-44EB-ACF5-92958F676333}"
EndProject
Project("{FAE04EC0-301F-11D3-BF4B-00C04F79EFBC}") = "Support.Tools", "Support.Tools\Support.Tools.csproj", "{B8819DF4-198C-492C-82E2-D428AEBBF6EE}"
EndProject
Project("{2150E333-8FDC-42A3-9474-1A3956D46DE8}") = "CodeJam2008", "CodeJam2008", "{4AA7E6FD-7952-4D69-81A6-81433E7267F3}"
EndProject
Project("{FAE04EC0-301F-11D3-BF4B-00C04F79EFBC}") = "CodeJam2008.Round1A.A", "CodeJam2008.Round1A.A\CodeJam2008.Round1A.A.csproj", "{EF7B29B7-6CD7-4C58-A0CA-D846FAA91344}"
EndProject
Project("{2150E333-8FDC-42A3-9474-1A3956D46DE8}") = "CodeJam2012", "CodeJam2012", "{690ED59A-103E-4566-9FFA-D34D63DF526C}"
EndProject
Project("{FAE04EC0-301F-11D3-BF4B-00C04F79EFBC}") = "CodeJam2012.Qualification.A", "CodeJam2012.Qualification.A\CodeJam2012.Qualification.A.csproj", "{677225D7-6508-44F2-A2D2-9E6613307B76}"
EndProject
Project("{FAE04EC0-301F-11D3-BF4B-00C04F79EFBC}") = "CodeJam2012.Qualification.B", "CodeJam2012.Qualification.B\CodeJam2012.Qualification.B.csproj", "{B7DC0F70-7466-4A78-AFA0-A8000A914BE0}"
EndProject
Project("{FAE04EC0-301F-11D3-BF4B-00C04F79EFBC}") = "CodeJam2012.Qualification.C", "CodeJam2012.Qualification.C\CodeJam2012.Qualification.C.csproj", "{C405CEEF-0E77-4FCF-B6FC-8E60C5022122}"
EndProject
Project("{2150E333-8FDC-42A3-9474-1A3956D46DE8}") = "CodeJam2010", "CodeJam2010", "{18568FF0-35D6-4019-935B-7D4D9A447A72}"
EndProject
Project("{FAE04EC0-301F-11D3-BF4B-00C04F79EFBC}") = "CodeJam2010.Round1C.A", "CodeJam2010.Round1C.A\CodeJam2010.Round1C.A.csproj", "{FA5EFD2A-F6B4-4821-93A3-FB8500221146}"
EndProject
Project("{FAE04EC0-301F-11D3-BF4B-00C04F79EFBC}") = "CodeJam2010.Round1B.A", "CodeJam2010.Round1B.A\CodeJam2010.Round1B.A.csproj", "{BC3C24B0-2CEF-4864-B2AF-605ECCC50FA2}"
EndProject
Project("{FAE04EC0-301F-11D3-BF4B-00C04F79EFBC}") = "CodeJam2010.Round1A.A", "CodeJam2010.Round1A.A\CodeJam2010.Round1A.A.csproj", "{A7E559B9-AF89-4187-A6DA-060A7E4BC268}"
EndProject
Global
	GlobalSection(SolutionConfigurationPlatforms) = preSolution
		Debug|Any CPU = Debug|Any CPU
		Debug|Mixed Platforms = Debug|Mixed Platforms
		Debug|Win32 = Debug|Win32
		Debug|x86 = Debug|x86
		Release|Any CPU = Release|Any CPU
		Release|Mixed Platforms = Release|Mixed Platforms
		Release|Win32 = Release|Win32
		Release|x86 = Release|x86
	EndGlobalSection
	GlobalSection(ProjectConfigurationPlatforms) = postSolution
		{E1122CDD-69BD-4BB7-BCEE-1C12C046F723}.Debug|Any CPU.ActiveCfg = Debug|x86
		{E1122CDD-69BD-4BB7-BCEE-1C12C046F723}.Debug|Mixed Platforms.ActiveCfg = Debug|x86
		{E1122CDD-69BD-4BB7-BCEE-1C12C046F723}.Debug|Mixed Platforms.Build.0 = Debug|x86
		{E1122CDD-69BD-4BB7-BCEE-1C12C046F723}.Debug|Win32.ActiveCfg = Debug|x86
		{E1122CDD-69BD-4BB7-BCEE-1C12C046F723}.Debug|x86.ActiveCfg = Debug|x86
		{E1122CDD-69BD-4BB7-BCEE-1C12C046F723}.Debug|x86.Build.0 = Debug|x86
		{E1122CDD-69BD-4BB7-BCEE-1C12C046F723}.Release|Any CPU.ActiveCfg = Release|x86
		{E1122CDD-69BD-4BB7-BCEE-1C12C046F723}.Release|Mixed Platforms.ActiveCfg = Release|x86
		{E1122CDD-69BD-4BB7-BCEE-1C12C046F723}.Release|Mixed Platforms.Build.0 = Release|x86
		{E1122CDD-69BD-4BB7-BCEE-1C12C046F723}.Release|Win32.ActiveCfg = Release|x86
		{E1122CDD-69BD-4BB7-BCEE-1C12C046F723}.Release|x86.ActiveCfg = Release|x86
		{E1122CDD-69BD-4BB7-BCEE-1C12C046F723}.Release|x86.Build.0 = Release|x86
		{C3D96A4D-E0AE-4119-910F-E853EA7A069C}.Debug|Any CPU.ActiveCfg = Debug|x86
		{C3D96A4D-E0AE-4119-910F-E853EA7A069C}.Debug|Mixed Platforms.ActiveCfg = Debug|x86
		{C3D96A4D-E0AE-4119-910F-E853EA7A069C}.Debug|Mixed Platforms.Build.0 = Debug|x86
		{C3D96A4D-E0AE-4119-910F-E853EA7A069C}.Debug|Win32.ActiveCfg = Debug|x86
		{C3D96A4D-E0AE-4119-910F-E853EA7A069C}.Debug|x86.ActiveCfg = Debug|x86
		{C3D96A4D-E0AE-4119-910F-E853EA7A069C}.Debug|x86.Build.0 = Debug|x86
		{C3D96A4D-E0AE-4119-910F-E853EA7A069C}.Release|Any CPU.ActiveCfg = Release|x86
		{C3D96A4D-E0AE-4119-910F-E853EA7A069C}.Release|Mixed Platforms.ActiveCfg = Release|x86
		{C3D96A4D-E0AE-4119-910F-E853EA7A069C}.Release|Mixed Platforms.Build.0 = Release|x86
		{C3D96A4D-E0AE-4119-910F-E853EA7A069C}.Release|Win32.ActiveCfg = Release|x86
		{C3D96A4D-E0AE-4119-910F-E853EA7A069C}.Release|x86.ActiveCfg = Release|x86
		{C3D96A4D-E0AE-4119-910F-E853EA7A069C}.Release|x86.Build.0 = Release|x86
		{0DC0A3CB-E027-4182-93C6-66944B1C4920}.Debug|Any CPU.ActiveCfg = Debug|x86
		{0DC0A3CB-E027-4182-93C6-66944B1C4920}.Debug|Mixed Platforms.ActiveCfg = Debug|x86
		{0DC0A3CB-E027-4182-93C6-66944B1C4920}.Debug|Mixed Platforms.Build.0 = Debug|x86
		{0DC0A3CB-E027-4182-93C6-66944B1C4920}.Debug|Win32.ActiveCfg = Debug|x86
		{0DC0A3CB-E027-4182-93C6-66944B1C4920}.Debug|x86.ActiveCfg = Debug|x86
		{0DC0A3CB-E027-4182-93C6-66944B1C4920}.Debug|x86.Build.0 = Debug|x86
		{0DC0A3CB-E027-4182-93C6-66944B1C4920}.Release|Any CPU.ActiveCfg = Release|x86
		{0DC0A3CB-E027-4182-93C6-66944B1C4920}.Release|Mixed Platforms.ActiveCfg = Release|x86
		{0DC0A3CB-E027-4182-93C6-66944B1C4920}.Release|Mixed Platforms.Build.0 = Release|x86
		{0DC0A3CB-E027-4182-93C6-66944B1C4920}.Release|Win32.ActiveCfg = Release|x86
		{0DC0A3CB-E027-4182-93C6-66944B1C4920}.Release|x86.ActiveCfg = Release|x86
		{0DC0A3CB-E027-4182-93C6-66944B1C4920}.Release|x86.Build.0 = Release|x86
		{0EA75590-B440-44EB-ACF5-92958F676333}.Debug|Any CPU.ActiveCfg = Debug|x86
		{0EA75590-B440-44EB-ACF5-92958F676333}.Debug|Mixed Platforms.ActiveCfg = Debug|x86
		{0EA75590-B440-44EB-ACF5-92958F676333}.Debug|Mixed Platforms.Build.0 = Debug|x86
		{0EA75590-B440-44EB-ACF5-92958F676333}.Debug|Win32.ActiveCfg = Debug|x86
		{0EA75590-B440-44EB-ACF5-92958F676333}.Debug|x86.ActiveCfg = Debug|x86
		{0EA75590-B440-44EB-ACF5-92958F676333}.Debug|x86.Build.0 = Debug|x86
		{0EA75590-B440-44EB-ACF5-92958F676333}.Release|Any CPU.ActiveCfg = Release|x86
		{0EA75590-B440-44EB-ACF5-92958F676333}.Release|Mixed Platforms.ActiveCfg = Release|x86
		{0EA75590-B440-44EB-ACF5-92958F676333}.Release|Mixed Platforms.Build.0 = Release|x86
		{0EA75590-B440-44EB-ACF5-92958F676333}.Release|Win32.ActiveCfg = Release|x86
		{0EA75590-B440-44EB-ACF5-92958F676333}.Release|x86.ActiveCfg = Release|x86
		{0EA75590-B440-44EB-ACF5-92958F676333}.Release|x86.Build.0 = Release|x86
		{B8819DF4-198C-492C-82E2-D428AEBBF6EE}.Debug|Any CPU.ActiveCfg = Debug|Any CPU
		{B8819DF4-198C-492C-82E2-D428AEBBF6EE}.Debug|Any CPU.Build.0 = Debug|Any CPU
		{B8819DF4-198C-492C-82E2-D428AEBBF6EE}.Debug|Mixed Platforms.ActiveCfg = Debug|Any CPU
		{B8819DF4-198C-492C-82E2-D428AEBBF6EE}.Debug|Mixed Platforms.Build.0 = Debug|Any CPU
		{B8819DF4-198C-492C-82E2-D428AEBBF6EE}.Debug|Win32.ActiveCfg = Debug|Any CPU
		{B8819DF4-198C-492C-82E2-D428AEBBF6EE}.Debug|x86.ActiveCfg = Debug|Any CPU
		{B8819DF4-198C-492C-82E2-D428AEBBF6EE}.Release|Any CPU.ActiveCfg = Release|Any CPU
		{B8819DF4-198C-492C-82E2-D428AEBBF6EE}.Release|Any CPU.Build.0 = Release|Any CPU
		{B8819DF4-198C-492C-82E2-D428AEBBF6EE}.Release|Mixed Platforms.ActiveCfg = Release|Any CPU
		{B8819DF4-198C-492C-82E2-D428AEBBF6EE}.Release|Mixed Platforms.Build.0 = Release|Any CPU
		{B8819DF4-198C-492C-82E2-D428AEBBF6EE}.Release|Win32.ActiveCfg = Release|Any CPU
		{B8819DF4-198C-492C-82E2-D428AEBBF6EE}.Release|x86.ActiveCfg = Release|Any CPU
		{EF7B29B7-6CD7-4C58-A0CA-D846FAA91344}.Debug|Any CPU.ActiveCfg = Debug|x86
		{EF7B29B7-6CD7-4C58-A0CA-D846FAA91344}.Debug|Mixed Platforms.ActiveCfg = Debug|x86
		{EF7B29B7-6CD7-4C58-A0CA-D846FAA91344}.Debug|Mixed Platforms.Build.0 = Debug|x86
		{EF7B29B7-6CD7-4C58-A0CA-D846FAA91344}.Debug|Win32.ActiveCfg = Debug|x86
		{EF7B29B7-6CD7-4C58-A0CA-D846FAA91344}.Debug|x86.ActiveCfg = Debug|x86
		{EF7B29B7-6CD7-4C58-A0CA-D846FAA91344}.Debug|x86.Build.0 = Debug|x86
		{EF7B29B7-6CD7-4C58-A0CA-D846FAA91344}.Release|Any CPU.ActiveCfg = Release|x86
		{EF7B29B7-6CD7-4C58-A0CA-D846FAA91344}.Release|Mixed Platforms.ActiveCfg = Release|x86
		{EF7B29B7-6CD7-4C58-A0CA-D846FAA91344}.Release|Mixed Platforms.Build.0 = Release|x86
		{EF7B29B7-6CD7-4C58-A0CA-D846FAA91344}.Release|Win32.ActiveCfg = Release|x86
		{EF7B29B7-6CD7-4C58-A0CA-D846FAA91344}.Release|x86.ActiveCfg = Release|x86
		{EF7B29B7-6CD7-4C58-A0CA-D846FAA91344}.Release|x86.Build.0 = Release|x86
		{677225D7-6508-44F2-A2D2-9E6613307B76}.Debug|Any CPU.ActiveCfg = Debug|x86
		{677225D7-6508-44F2-A2D2-9E6613307B76}.Debug|Mixed Platforms.ActiveCfg = Debug|x86
		{677225D7-6508-44F2-A2D2-9E6613307B76}.Debug|Mixed Platforms.Build.0 = Debug|x86
		{677225D7-6508-44F2-A2D2-9E6613307B76}.Debug|Win32.ActiveCfg = Debug|x86
		{677225D7-6508-44F2-A2D2-9E6613307B76}.Debug|x86.ActiveCfg = Debug|x86
		{677225D7-6508-44F2-A2D2-9E6613307B76}.Debug|x86.Build.0 = Debug|x86
		{677225D7-6508-44F2-A2D2-9E6613307B76}.Release|Any CPU.ActiveCfg = Release|x86
		{677225D7-6508-44F2-A2D2-9E6613307B76}.Release|Mixed Platforms.ActiveCfg = Release|x86
		{677225D7-6508-44F2-A2D2-9E6613307B76}.Release|Mixed Platforms.Build.0 = Release|x86
		{677225D7-6508-44F2-A2D2-9E6613307B76}.Release|Win32.ActiveCfg = Release|x86
		{677225D7-6508-44F2-A2D2-9E6613307B76}.Release|x86.ActiveCfg = Release|x86
		{677225D7-6508-44F2-A2D2-9E6613307B76}.Release|x86.Build.0 = Release|x86
		{B7DC0F70-7466-4A78-AFA0-A8000A914BE0}.Debug|Any CPU.ActiveCfg = Debug|x86
		{B7DC0F70-7466-4A78-AFA0-A8000A914BE0}.Debug|Mixed Platforms.ActiveCfg = Debug|x86
		{B7DC0F70-7466-4A78-AFA0-A8000A914BE0}.Debug|Mixed Platforms.Build.0 = Debug|x86
		{B7DC0F70-7466-4A78-AFA0-A8000A914BE0}.Debug|Win32.ActiveCfg = Debug|x86
		{B7DC0F70-7466-4A78-AFA0-A8000A914BE0}.Debug|x86.ActiveCfg = Debug|x86
		{B7DC0F70-7466-4A78-AFA0-A8000A914BE0}.Debug|x86.Build.0 = Debug|x86
		{B7DC0F70-7466-4A78-AFA0-A8000A914BE0}.Release|Any CPU.ActiveCfg = Release|x86
		{B7DC0F70-7466-4A78-AFA0-A8000A914BE0}.Release|Mixed Platforms.ActiveCfg = Release|x86
		{B7DC0F70-7466-4A78-AFA0-A8000A914BE0}.Release|Mixed Platforms.Build.0 = Release|x86
		{B7DC0F70-7466-4A78-AFA0-A8000A914BE0}.Release|Win32.ActiveCfg = Release|x86
		{B7DC0F70-7466-4A78-AFA0-A8000A914BE0}.Release|x86.ActiveCfg = Release|x86
		{B7DC0F70-7466-4A78-AFA0-A8000A914BE0}.Release|x86.Build.0 = Release|x86
		{C405CEEF-0E77-4FCF-B6FC-8E60C5022122}.Debug|Any CPU.ActiveCfg = Debug|x86
		{C405CEEF-0E77-4FCF-B6FC-8E60C5022122}.Debug|Mixed Platforms.ActiveCfg = Debug|x86
		{C405CEEF-0E77-4FCF-B6FC-8E60C5022122}.Debug|Mixed Platforms.Build.0 = Debug|x86
		{C405CEEF-0E77-4FCF-B6FC-8E60C5022122}.Debug|Win32.ActiveCfg = Debug|x86
		{C405CEEF-0E77-4FCF-B6FC-8E60C5022122}.Debug|x86.ActiveCfg = Debug|x86
		{C405CEEF-0E77-4FCF-B6FC-8E60C5022122}.Debug|x86.Build.0 = Debug|x86
		{C405CEEF-0E77-4FCF-B6FC-8E60C5022122}.Release|Any CPU.ActiveCfg = Release|x86
		{C405CEEF-0E77-4FCF-B6FC-8E60C5022122}.Release|Mixed Platforms.ActiveCfg = Release|x86
		{C405CEEF-0E77-4FCF-B6FC-8E60C5022122}.Release|Mixed Platforms.Build.0 = Release|x86
		{C405CEEF-0E77-4FCF-B6FC-8E60C5022122}.Release|Win32.ActiveCfg = Release|x86
		{C405CEEF-0E77-4FCF-B6FC-8E60C5022122}.Release|x86.ActiveCfg = Release|x86
		{C405CEEF-0E77-4FCF-B6FC-8E60C5022122}.Release|x86.Build.0 = Release|x86
		{FA5EFD2A-F6B4-4821-93A3-FB8500221146}.Debug|Any CPU.ActiveCfg = Debug|Any CPU
		{FA5EFD2A-F6B4-4821-93A3-FB8500221146}.Debug|Any CPU.Build.0 = Debug|Any CPU
		{FA5EFD2A-F6B4-4821-93A3-FB8500221146}.Debug|Mixed Platforms.ActiveCfg = Debug|Any CPU
		{FA5EFD2A-F6B4-4821-93A3-FB8500221146}.Debug|Mixed Platforms.Build.0 = Debug|Any CPU
		{FA5EFD2A-F6B4-4821-93A3-FB8500221146}.Debug|Win32.ActiveCfg = Debug|Any CPU
		{FA5EFD2A-F6B4-4821-93A3-FB8500221146}.Debug|x86.ActiveCfg = Debug|Any CPU
		{FA5EFD2A-F6B4-4821-93A3-FB8500221146}.Release|Any CPU.ActiveCfg = Release|Any CPU
		{FA5EFD2A-F6B4-4821-93A3-FB8500221146}.Release|Any CPU.Build.0 = Release|Any CPU
		{FA5EFD2A-F6B4-4821-93A3-FB8500221146}.Release|Mixed Platforms.ActiveCfg = Release|Any CPU
		{FA5EFD2A-F6B4-4821-93A3-FB8500221146}.Release|Mixed Platforms.Build.0 = Release|Any CPU
		{FA5EFD2A-F6B4-4821-93A3-FB8500221146}.Release|Win32.ActiveCfg = Release|Any CPU
		{FA5EFD2A-F6B4-4821-93A3-FB8500221146}.Release|x86.ActiveCfg = Release|Any CPU
		{BC3C24B0-2CEF-4864-B2AF-605ECCC50FA2}.Debug|Any CPU.ActiveCfg = Debug|Any CPU
		{BC3C24B0-2CEF-4864-B2AF-605ECCC50FA2}.Debug|Any CPU.Build.0 = Debug|Any CPU
		{BC3C24B0-2CEF-4864-B2AF-605ECCC50FA2}.Debug|Mixed Platforms.ActiveCfg = Debug|Any CPU
		{BC3C24B0-2CEF-4864-B2AF-605ECCC50FA2}.Debug|Mixed Platforms.Build.0 = Debug|Any CPU
		{BC3C24B0-2CEF-4864-B2AF-605ECCC50FA2}.Debug|Win32.ActiveCfg = Debug|Any CPU
		{BC3C24B0-2CEF-4864-B2AF-605ECCC50FA2}.Debug|x86.ActiveCfg = Debug|Any CPU
		{BC3C24B0-2CEF-4864-B2AF-605ECCC50FA2}.Release|Any CPU.ActiveCfg = Release|Any CPU
		{BC3C24B0-2CEF-4864-B2AF-605ECCC50FA2}.Release|Any CPU.Build.0 = Release|Any CPU
		{BC3C24B0-2CEF-4864-B2AF-605ECCC50FA2}.Release|Mixed Platforms.ActiveCfg = Release|Any CPU
		{BC3C24B0-2CEF-4864-B2AF-605ECCC50FA2}.Release|Mixed Platforms.Build.0 = Release|Any CPU
		{BC3C24B0-2CEF-4864-B2AF-605ECCC50FA2}.Release|Win32.ActiveCfg = Release|Any CPU
		{BC3C24B0-2CEF-4864-B2AF-605ECCC50FA2}.Release|x86.ActiveCfg = Release|Any CPU
		{A7E559B9-AF89-4187-A6DA-060A7E4BC268}.Debug|Any CPU.ActiveCfg = Debug|Any CPU
		{A7E559B9-AF89-4187-A6DA-060A7E4BC268}.Debug|Any CPU.Build.0 = Debug|Any CPU
		{A7E559B9-AF89-4187-A6DA-060A7E4BC268}.Debug|Mixed Platforms.ActiveCfg = Debug|Any CPU
		{A7E559B9-AF89-4187-A6DA-060A7E4BC268}.Debug|Mixed Platforms.Build.0 = Debug|Any CPU
		{A7E559B9-AF89-4187-A6DA-060A7E4BC268}.Debug|Win32.ActiveCfg = Debug|Any CPU
		{A7E559B9-AF89-4187-A6DA-060A7E4BC268}.Debug|x86.ActiveCfg = Debug|Any CPU
		{A7E559B9-AF89-4187-A6DA-060A7E4BC268}.Release|Any CPU.ActiveCfg = Release|Any CPU
		{A7E559B9-AF89-4187-A6DA-060A7E4BC268}.Release|Any CPU.Build.0 = Release|Any CPU
		{A7E559B9-AF89-4187-A6DA-060A7E4BC268}.Release|Mixed Platforms.ActiveCfg = Release|Any CPU
		{A7E559B9-AF89-4187-A6DA-060A7E4BC268}.Release|Mixed Platforms.Build.0 = Release|Any CPU
		{A7E559B9-AF89-4187-A6DA-060A7E4BC268}.Release|Win32.ActiveCfg = Release|Any CPU
		{A7E559B9-AF89-4187-A6DA-060A7E4BC268}.Release|x86.ActiveCfg = Release|Any CPU
	EndGlobalSection
	GlobalSection(SolutionProperties) = preSolution
		HideSolutionNode = FALSE
	EndGlobalSection
	GlobalSection(NestedProjects) = preSolution
		{C3D96A4D-E0AE-4119-910F-E853EA7A069C} = {2AC2AEF9-4891-4B01-8C0A-3D25A02C7FFB}
		{E1122CDD-69BD-4BB7-BCEE-1C12C046F723} = {2AC2AEF9-4891-4B01-8C0A-3D25A02C7FFB}
		{0DC0A3CB-E027-4182-93C6-66944B1C4920} = {2AC2AEF9-4891-4B01-8C0A-3D25A02C7FFB}
		{0EA75590-B440-44EB-ACF5-92958F676333} = {9A851A06-6B8F-4799-A157-1D684D9618BC}
		{EF7B29B7-6CD7-4C58-A0CA-D846FAA91344} = {4AA7E6FD-7952-4D69-81A6-81433E7267F3}
		{677225D7-6508-44F2-A2D2-9E6613307B76} = {690ED59A-103E-4566-9FFA-D34D63DF526C}
		{B7DC0F70-7466-4A78-AFA0-A8000A914BE0} = {690ED59A-103E-4566-9FFA-D34D63DF526C}
		{C405CEEF-0E77-4FCF-B6FC-8E60C5022122} = {690ED59A-103E-4566-9FFA-D34D63DF526C}
		{FA5EFD2A-F6B4-4821-93A3-FB8500221146} = {18568FF0-35D6-4019-935B-7D4D9A447A72}
		{BC3C24B0-2CEF-4864-B2AF-605ECCC50FA2} = {18568FF0-35D6-4019-935B-7D4D9A447A72}
		{A7E559B9-AF89-4187-A6DA-060A7E4BC268} = {18568FF0-35D6-4019-935B-7D4D9A447A72}
	EndGlobalSection
EndGlobal
