
Microsoft Visual Studio Solution File, Format Version 11.00
# Visual Studio 2010
Project("{FAE04EC0-301F-11D3-BF4B-00C04F79EFBC}") = "Africa2010.QualificationRound.A", "Africa2010.QualificationRound.A\Africa2010.QualificationRound.A.csproj", "{E1122CDD-69BD-4BB7-BCEE-1C12C046F723}"
EndProject
Project("{FAE04EC0-301F-11D3-BF4B-00C04F79EFBC}") = "Africa2010.QualificationRound.B", "Africa2010.QualificationRound.B\Africa2010.QualificationRound.B.csproj", "{C3D96A4D-E0AE-4119-910F-E853EA7A069C}"
EndProject
Project("{2150E333-8FDC-42A3-9474-1A3956D46DE8}") = "Africa2010", "Africa2010", "{2AC2AEF9-4891-4B01-8C0A-3D25A02C7FFB}"
EndProject
Project("{FAE04EC0-301F-11D3-BF4B-00C04F79EFBC}") = "Africa2010.QualificationRound.C", "Africa2010.QualificationRound.C\Africa2010.QualificationRound.C.csproj", "{0DC0A3CB-E027-4182-93C6-66944B1C4920}"
EndProject
Global
	GlobalSection(SolutionConfigurationPlatforms) = preSolution
		Debug|x86 = Debug|x86
		Release|x86 = Release|x86
	EndGlobalSection
	GlobalSection(ProjectConfigurationPlatforms) = postSolution
		{E1122CDD-69BD-4BB7-BCEE-1C12C046F723}.Debug|x86.ActiveCfg = Debug|x86
		{E1122CDD-69BD-4BB7-BCEE-1C12C046F723}.Debug|x86.Build.0 = Debug|x86
		{E1122CDD-69BD-4BB7-BCEE-1C12C046F723}.Release|x86.ActiveCfg = Release|x86
		{E1122CDD-69BD-4BB7-BCEE-1C12C046F723}.Release|x86.Build.0 = Release|x86
		{C3D96A4D-E0AE-4119-910F-E853EA7A069C}.Debug|x86.ActiveCfg = Debug|x86
		{C3D96A4D-E0AE-4119-910F-E853EA7A069C}.Debug|x86.Build.0 = Debug|x86
		{C3D96A4D-E0AE-4119-910F-E853EA7A069C}.Release|x86.ActiveCfg = Release|x86
		{C3D96A4D-E0AE-4119-910F-E853EA7A069C}.Release|x86.Build.0 = Release|x86
		{0DC0A3CB-E027-4182-93C6-66944B1C4920}.Debug|x86.ActiveCfg = Debug|x86
		{0DC0A3CB-E027-4182-93C6-66944B1C4920}.Debug|x86.Build.0 = Debug|x86
		{0DC0A3CB-E027-4182-93C6-66944B1C4920}.Release|x86.ActiveCfg = Release|x86
		{0DC0A3CB-E027-4182-93C6-66944B1C4920}.Release|x86.Build.0 = Release|x86
	EndGlobalSection
	GlobalSection(SolutionProperties) = preSolution
		HideSolutionNode = FALSE
	EndGlobalSection
	GlobalSection(NestedProjects) = preSolution
		{E1122CDD-69BD-4BB7-BCEE-1C12C046F723} = {2AC2AEF9-4891-4B01-8C0A-3D25A02C7FFB}
		{C3D96A4D-E0AE-4119-910F-E853EA7A069C} = {2AC2AEF9-4891-4B01-8C0A-3D25A02C7FFB}
		{0DC0A3CB-E027-4182-93C6-66944B1C4920} = {2AC2AEF9-4891-4B01-8C0A-3D25A02C7FFB}
	EndGlobalSection
EndGlobal
